
Microsoft Visual Studio Solution File, Format Version 12.00
# Visual Studio Version 16
VisualStudioVersion = 16.0.30621.155
MinimumVisualStudioVersion = 10.0.40219.1
Project("{8BC9CEB8-8B4A-11D0-8D11-00A0C91BC942}") = "son", "son\son.vcxproj", "{1159A88A-DAAE-4085-99B7-75CD9DA9EF4D}"
EndProject
Project("{8BC9CEB8-8B4A-11D0-8D11-00A0C91BC942}") = "Father", "Father\Father.vcxproj", "{BA5FECB0-F8C4-4ED8-9BD6-CF9A8D1CA5BE}"
EndProject
Global
	GlobalSection(SolutionConfigurationPlatforms) = preSolution
		Debug|x64 = Debug|x64
		Debug|x86 = Debug|x86
		Release|x64 = Release|x64
		Release|x86 = Release|x86
	EndGlobalSection
	GlobalSection(ProjectConfigurationPlatforms) = postSolution
		{1159A88A-DAAE-4085-99B7-75CD9DA9EF4D}.Debug|x64.ActiveCfg = Debug|x64
		{1159A88A-DAAE-4085-99B7-75CD9DA9EF4D}.Debug|x64.Build.0 = Debug|x64
		{1159A88A-DAAE-4085-99B7-75CD9DA9EF4D}.Debug|x86.ActiveCfg = Debug|Win32
		{1159A88A-DAAE-4085-99B7-75CD9DA9EF4D}.Debug|x86.Build.0 = Debug|Win32
		{1159A88A-DAAE-4085-99B7-75CD9DA9EF4D}.Release|x64.ActiveCfg = Release|x64
		{1159A88A-DAAE-4085-99B7-75CD9DA9EF4D}.Release|x64.Build.0 = Release|x64
		{1159A88A-DAAE-4085-99B7-75CD9DA9EF4D}.Release|x86.ActiveCfg = Release|Win32
		{1159A88A-DAAE-4085-99B7-75CD9DA9EF4D}.Release|x86.Build.0 = Release|Win32
		{BA5FECB0-F8C4-4ED8-9BD6-CF9A8D1CA5BE}.Debug|x64.ActiveCfg = Debug|x64
		{BA5FECB0-F8C4-4ED8-9BD6-CF9A8D1CA5BE}.Debug|x64.Build.0 = Debug|x64
		{BA5FECB0-F8C4-4ED8-9BD6-CF9A8D1CA5BE}.Debug|x86.ActiveCfg = Debug|Win32
		{BA5FECB0-F8C4-4ED8-9BD6-CF9A8D1CA5BE}.Debug|x86.Build.0 = Debug|Win32
		{BA5FECB0-F8C4-4ED8-9BD6-CF9A8D1CA5BE}.Release|x64.ActiveCfg = Release|x64
		{BA5FECB0-F8C4-4ED8-9BD6-CF9A8D1CA5BE}.Release|x64.Build.0 = Release|x64
		{BA5FECB0-F8C4-4ED8-9BD6-CF9A8D1CA5BE}.Release|x86.ActiveCfg = Release|Win32
		{BA5FECB0-F8C4-4ED8-9BD6-CF9A8D1CA5BE}.Release|x86.Build.0 = Release|Win32
	EndGlobalSection
	GlobalSection(SolutionProperties) = preSolution
		HideSolutionNode = FALSE
	EndGlobalSection
	GlobalSection(ExtensibilityGlobals) = postSolution
		SolutionGuid = {F9610020-FE96-4B1C-8879-3E4979C90FC5}
	EndGlobalSection
EndGlobal
